
Microsoft Visual Studio Solution File, Format Version 12.00
# Visual Studio Version 17
VisualStudioVersion = 17.10.35027.167
MinimumVisualStudioVersion = 10.0.40219.1
Project("{FAE04EC0-301F-11D3-BF4B-00C04F79EFBC}") = "cadastroAlunosGridView", "cadastroAlunosGridView\cadastroAlunosGridView.csproj", "{CCF922AC-09CA-4395-9C34-392AA2D5D94B}"
EndProject
Global
	GlobalSection(SolutionConfigurationPlatforms) = preSolution
		Debug|Any CPU = Debug|Any CPU
		Release|Any CPU = Release|Any CPU
	EndGlobalSection
	GlobalSection(ProjectConfigurationPlatforms) = postSolution
		{CCF922AC-09CA-4395-9C34-392AA2D5D94B}.Debug|Any CPU.ActiveCfg = Debug|Any CPU
		{CCF922AC-09CA-4395-9C34-392AA2D5D94B}.Debug|Any CPU.Build.0 = Debug|Any CPU
		{CCF922AC-09CA-4395-9C34-392AA2D5D94B}.Release|Any CPU.ActiveCfg = Release|Any CPU
		{CCF922AC-09CA-4395-9C34-392AA2D5D94B}.Release|Any CPU.Build.0 = Release|Any CPU
	EndGlobalSection
	GlobalSection(SolutionProperties) = preSolution
		HideSolutionNode = FALSE
	EndGlobalSection
	GlobalSection(ExtensibilityGlobals) = postSolution
		SolutionGuid = {E45C0227-AA84-4051-9FC7-080CF27BAD3C}
	EndGlobalSection
EndGlobal
